
Microsoft Visual Studio Solution File, Format Version 12.00
# Visual Studio 15
VisualStudioVersion = 15.0.26228.9
MinimumVisualStudioVersion = 10.0.40219.1
Project("{9A19103F-16F7-4668-BE54-9A1E7A4F7556}") = "Mini-Biggy", "Mini-Biggy\Mini-Biggy.csproj", "{4C1514B8-ED1B-4320-B72A-5655E2AE64CB}"
EndProject
Project("{9A19103F-16F7-4668-BE54-9A1E7A4F7556}") = "Sample.DotNetCoreCmd", "Sample.DotNetCoreCmd\Sample.DotNetCoreCmd.csproj", "{82D823C5-74D8-4EFF-86B5-56696B0D4825}"
EndProject
Project("{FAE04EC0-301F-11D3-BF4B-00C04F79EFBC}") = "Mini-Biggy.Tests", "Mini-Biggy.Tests\Mini-Biggy.Tests.csproj", "{942D5FE4-00A9-4949-9EA4-3EBFFD71EDD9}"
EndProject
Global
	GlobalSection(SolutionConfigurationPlatforms) = preSolution
		Debug|Any CPU = Debug|Any CPU
		Debug|ARM = Debug|ARM
		Debug|x64 = Debug|x64
		Debug|x86 = Debug|x86
		Release|Any CPU = Release|Any CPU
		Release|ARM = Release|ARM
		Release|x64 = Release|x64
		Release|x86 = Release|x86
	EndGlobalSection
	GlobalSection(ProjectConfigurationPlatforms) = postSolution
		{4C1514B8-ED1B-4320-B72A-5655E2AE64CB}.Debug|Any CPU.ActiveCfg = Debug|Any CPU
		{4C1514B8-ED1B-4320-B72A-5655E2AE64CB}.Debug|Any CPU.Build.0 = Debug|Any CPU
		{4C1514B8-ED1B-4320-B72A-5655E2AE64CB}.Debug|ARM.ActiveCfg = Debug|Any CPU
		{4C1514B8-ED1B-4320-B72A-5655E2AE64CB}.Debug|ARM.Build.0 = Debug|Any CPU
		{4C1514B8-ED1B-4320-B72A-5655E2AE64CB}.Debug|x64.ActiveCfg = Debug|Any CPU
		{4C1514B8-ED1B-4320-B72A-5655E2AE64CB}.Debug|x64.Build.0 = Debug|Any CPU
		{4C1514B8-ED1B-4320-B72A-5655E2AE64CB}.Debug|x86.ActiveCfg = Debug|Any CPU
		{4C1514B8-ED1B-4320-B72A-5655E2AE64CB}.Debug|x86.Build.0 = Debug|Any CPU
		{4C1514B8-ED1B-4320-B72A-5655E2AE64CB}.Release|Any CPU.ActiveCfg = Release|Any CPU
		{4C1514B8-ED1B-4320-B72A-5655E2AE64CB}.Release|Any CPU.Build.0 = Release|Any CPU
		{4C1514B8-ED1B-4320-B72A-5655E2AE64CB}.Release|ARM.ActiveCfg = Release|Any CPU
		{4C1514B8-ED1B-4320-B72A-5655E2AE64CB}.Release|ARM.Build.0 = Release|Any CPU
		{4C1514B8-ED1B-4320-B72A-5655E2AE64CB}.Release|x64.ActiveCfg = Release|Any CPU
		{4C1514B8-ED1B-4320-B72A-5655E2AE64CB}.Release|x64.Build.0 = Release|Any CPU
		{4C1514B8-ED1B-4320-B72A-5655E2AE64CB}.Release|x86.ActiveCfg = Release|Any CPU
		{4C1514B8-ED1B-4320-B72A-5655E2AE64CB}.Release|x86.Build.0 = Release|Any CPU
		{82D823C5-74D8-4EFF-86B5-56696B0D4825}.Debug|Any CPU.ActiveCfg = Debug|Any CPU
		{82D823C5-74D8-4EFF-86B5-56696B0D4825}.Debug|Any CPU.Build.0 = Debug|Any CPU
		{82D823C5-74D8-4EFF-86B5-56696B0D4825}.Debug|ARM.ActiveCfg = Debug|Any CPU
		{82D823C5-74D8-4EFF-86B5-56696B0D4825}.Debug|ARM.Build.0 = Debug|Any CPU
		{82D823C5-74D8-4EFF-86B5-56696B0D4825}.Debug|x64.ActiveCfg = Debug|Any CPU
		{82D823C5-74D8-4EFF-86B5-56696B0D4825}.Debug|x64.Build.0 = Debug|Any CPU
		{82D823C5-74D8-4EFF-86B5-56696B0D4825}.Debug|x86.ActiveCfg = Debug|Any CPU
		{82D823C5-74D8-4EFF-86B5-56696B0D4825}.Debug|x86.Build.0 = Debug|Any CPU
		{82D823C5-74D8-4EFF-86B5-56696B0D4825}.Release|Any CPU.ActiveCfg = Release|Any CPU
		{82D823C5-74D8-4EFF-86B5-56696B0D4825}.Release|Any CPU.Build.0 = Release|Any CPU
		{82D823C5-74D8-4EFF-86B5-56696B0D4825}.Release|ARM.ActiveCfg = Release|Any CPU
		{82D823C5-74D8-4EFF-86B5-56696B0D4825}.Release|ARM.Build.0 = Release|Any CPU
		{82D823C5-74D8-4EFF-86B5-56696B0D4825}.Release|x64.ActiveCfg = Release|Any CPU
		{82D823C5-74D8-4EFF-86B5-56696B0D4825}.Release|x64.Build.0 = Release|Any CPU
		{82D823C5-74D8-4EFF-86B5-56696B0D4825}.Release|x86.ActiveCfg = Release|Any CPU
		{82D823C5-74D8-4EFF-86B5-56696B0D4825}.Release|x86.Build.0 = Release|Any CPU
		{942D5FE4-00A9-4949-9EA4-3EBFFD71EDD9}.Debug|Any CPU.ActiveCfg = Debug|Any CPU
		{942D5FE4-00A9-4949-9EA4-3EBFFD71EDD9}.Debug|Any CPU.Build.0 = Debug|Any CPU
		{942D5FE4-00A9-4949-9EA4-3EBFFD71EDD9}.Debug|ARM.ActiveCfg = Debug|Any CPU
		{942D5FE4-00A9-4949-9EA4-3EBFFD71EDD9}.Debug|ARM.Build.0 = Debug|Any CPU
		{942D5FE4-00A9-4949-9EA4-3EBFFD71EDD9}.Debug|x64.ActiveCfg = Debug|Any CPU
		{942D5FE4-00A9-4949-9EA4-3EBFFD71EDD9}.Debug|x64.Build.0 = Debug|Any CPU
		{942D5FE4-00A9-4949-9EA4-3EBFFD71EDD9}.Debug|x86.ActiveCfg = Debug|Any CPU
		{942D5FE4-00A9-4949-9EA4-3EBFFD71EDD9}.Debug|x86.Build.0 = Debug|Any CPU
		{942D5FE4-00A9-4949-9EA4-3EBFFD71EDD9}.Release|Any CPU.ActiveCfg = Release|Any CPU
		{942D5FE4-00A9-4949-9EA4-3EBFFD71EDD9}.Release|Any CPU.Build.0 = Release|Any CPU
		{942D5FE4-00A9-4949-9EA4-3EBFFD71EDD9}.Release|ARM.ActiveCfg = Release|Any CPU
		{942D5FE4-00A9-4949-9EA4-3EBFFD71EDD9}.Release|ARM.Build.0 = Release|Any CPU
		{942D5FE4-00A9-4949-9EA4-3EBFFD71EDD9}.Release|x64.ActiveCfg = Release|Any CPU
		{942D5FE4-00A9-4949-9EA4-3EBFFD71EDD9}.Release|x64.Build.0 = Release|Any CPU
		{942D5FE4-00A9-4949-9EA4-3EBFFD71EDD9}.Release|x86.ActiveCfg = Release|Any CPU
		{942D5FE4-00A9-4949-9EA4-3EBFFD71EDD9}.Release|x86.Build.0 = Release|Any CPU
	EndGlobalSection
	GlobalSection(SolutionProperties) = preSolution
		HideSolutionNode = FALSE
	EndGlobalSection
EndGlobal
